{
  "name": "c",
  "version": "1.0.0",
  "lockfileVersion": 1,
  "requires": true,
  "dependencies": {
    "nodemailer": {
      "version": "6.4.6",
      "resolved": "https://registry.npm.taobao.org/nodemailer/download/nodemailer-6.4.6.tgz",
      "integrity": "sha1-039QT2Vgs2YW9kamBolP4YgZEH8="
    }
  }
}
